<?xml version="1.0" encoding="utf-8"?>
<Project ToolsVersion="4.0" xmlns="http://schemas.microsoft.com/developer/msbuild/2003">
  <ItemGroup>
    <Filter Include="Source Files">
      <UniqueIdentifier>{4FC737F1-C7A5-4376-A066-2A32D752A2FF}</UniqueIdentifier>
      <Extensions>cpp;c;cc;cxx;c++;cppm;ixx;def;odl;idl;hpj;bat;asm;asmx</Extensions>
    </Filter>
    <Filter Include="Header Files">
      <UniqueIdentifier>{93995380-89BD-4b04-88EB-625FBE52EBFB}</UniqueIdentifier>
      <Extensions>h;hh;hpp;hxx;h++;hm;inl;inc;ipp;xsd</Extensions>
    </Filter>
    <Filter Include="Resource Files">
      <UniqueIdentifier>{67DA6AB6-F800-4c08-8B7A-83BB121AAD01}</UniqueIdentifier>
      <Extensions>rc;ico;cur;bmp;dlg;rc2;rct;bin;rgs;gif;jpg;jpeg;jpe;resx;tiff;tif;png;wav;mfcribbon-ms</Extensions>
    </Filter>
  </ItemGroup>
  <ItemGroup>
    <ClInclude Include="INC\Aurora\Mathematics\angle.h">
      <Filter>Header Files</Filter>
    </ClInclude>
    <ClInclude Include="INC\Aurora\Mathematics\bounds.h">
      <Filter>Header Files</Filter>
    </ClInclude>
    <ClInclude Include="INC\Aurora\Mathematics\col.h">
      <Filter>Header Files</Filter>
    </ClInclude>
    <ClInclude Include="INC\Aurora\Mathematics\col32.h">
      <Filter>Header Files</Filter>
    </ClInclude>
    <ClInclude Include="INC\Aurora\Mathematics\hsv.h">
      <Filter>Header Files</Filter>
    </ClInclude>
    <ClInclude Include="INC\Aurora\Mathematics\ibounds.h">
      <Filter>Header Files</Filter>
    </ClInclude>
    <ClInclude Include="INC\Aurora\Mathematics\irect.h">
      <Filter>Header Files</Filter>
    </ClInclude>
    <ClInclude Include="INC\Aurora\Mathematics\ivec2.h">
      <Filter>Header Files</Filter>
    </ClInclude>
    <ClInclude Include="INC\Aurora\Mathematics\ivec3.h">
      <Filter>Header Files</Filter>
    </ClInclude>
    <ClInclude Include="INC\Aurora\Mathematics\ivec4.h">
      <Filter>Header Files</Filter>
    </ClInclude>
    <ClInclude Include="INC\Aurora\Mathematics\LerpDirection.h">
      <Filter>Header Files</Filter>
    </ClInclude>
    <ClInclude Include="INC\Aurora\Mathematics\mat2.h">
      <Filter>Header Files</Filter>
    </ClInclude>
    <ClInclude Include="INC\Aurora\Mathematics\mat3.h">
      <Filter>Header Files</Filter>
    </ClInclude>
    <ClInclude Include="INC\Aurora\Mathematics\mat4.h">
      <Filter>Header Files</Filter>
    </ClInclude>
    <ClInclude Include="INC\Aurora\Mathematics\math.h">
      <Filter>Header Files</Filter>
    </ClInclude>
    <ClInclude Include="INC\Aurora\Mathematics\matrix.h">
      <Filter>Header Files</Filter>
    </ClInclude>
    <ClInclude Include="INC\Aurora\Mathematics\Quality.h">
      <Filter>Header Files</Filter>
    </ClInclude>
    <ClInclude Include="INC\Aurora\Mathematics\quat.h">
      <Filter>Header Files</Filter>
    </ClInclude>
    <ClInclude Include="INC\Aurora\Mathematics\rect.h">
      <Filter>Header Files</Filter>
    </ClInclude>
    <ClInclude Include="INC\Aurora\Mathematics\temperature.h">
      <Filter>Header Files</Filter>
    </ClInclude>
    <ClInclude Include="INC\Aurora\Mathematics\vec2.h">
      <Filter>Header Files</Filter>
    </ClInclude>
    <ClInclude Include="INC\Aurora\Mathematics\vec3.h">
      <Filter>Header Files</Filter>
    </ClInclude>
    <ClInclude Include="INC\Aurora\Mathematics\vec4.h">
      <Filter>Header Files</Filter>
    </ClInclude>
  </ItemGroup>
  <ItemGroup>
    <ClCompile Include="SRC\angle.cpp">
      <Filter>Source Files</Filter>
    </ClCompile>
    <ClCompile Include="SRC\bounds.cpp">
      <Filter>Source Files</Filter>
    </ClCompile>
    <ClCompile Include="SRC\col.cpp">
      <Filter>Source Files</Filter>
    </ClCompile>
    <ClCompile Include="SRC\col32.cpp">
      <Filter>Source Files</Filter>
    </ClCompile>
    <ClCompile Include="SRC\hsv.cpp">
      <Filter>Source Files</Filter>
    </ClCompile>
    <ClCompile Include="SRC\ibounds.cpp">
      <Filter>Source Files</Filter>
    </ClCompile>
    <ClCompile Include="SRC\irect.cpp">
      <Filter>Source Files</Filter>
    </ClCompile>
    <ClCompile Include="SRC\ivec2.cpp">
      <Filter>Source Files</Filter>
    </ClCompile>
    <ClCompile Include="SRC\ivec3.cpp">
      <Filter>Source Files</Filter>
    </ClCompile>
    <ClCompile Include="SRC\ivec4.cpp">
      <Filter>Source Files</Filter>
    </ClCompile>
    <ClCompile Include="SRC\mat2.cpp">
      <Filter>Source Files</Filter>
    </ClCompile>
    <ClCompile Include="SRC\mat3.cpp">
      <Filter>Source Files</Filter>
    </ClCompile>
    <ClCompile Include="SRC\mat4.cpp">
      <Filter>Source Files</Filter>
    </ClCompile>
    <ClCompile Include="SRC\math.cpp">
      <Filter>Source Files</Filter>
    </ClCompile>
    <ClCompile Include="SRC\Quality.cpp">
      <Filter>Source Files</Filter>
    </ClCompile>
    <ClCompile Include="SRC\quat.cpp">
      <Filter>Source Files</Filter>
    </ClCompile>
    <ClCompile Include="SRC\rect.cpp">
      <Filter>Source Files</Filter>
    </ClCompile>
    <ClCompile Include="SRC\temperature.cpp">
      <Filter>Source Files</Filter>
    </ClCompile>
    <ClCompile Include="SRC\vec2.cpp">
      <Filter>Source Files</Filter>
    </ClCompile>
    <ClCompile Include="SRC\vec3.cpp">
      <Filter>Source Files</Filter>
    </ClCompile>
    <ClCompile Include="SRC\vec4.cpp">
      <Filter>Source Files</Filter>
    </ClCompile>
  </ItemGroup>
</Project>